
Microsoft Visual Studio Solution File, Format Version 12.00
# Visual Studio Version 17
VisualStudioVersion = 17.0.31717.71
MinimumVisualStudioVersion = 10.0.40219.1
Project("{9A19103F-16F7-4668-BE54-9A1E7A4F7556}") = "DepartmentsRequests", "RequestsOfDepartments\DepartmentsRequests.csproj", "{69249C76-4DFC-4695-91F0-B62A195EBD18}"
EndProject
Global
	GlobalSection(SolutionConfigurationPlatforms) = preSolution
		Debug|Any CPU = Debug|Any CPU
		Release|Any CPU = Release|Any CPU
	EndGlobalSection
	GlobalSection(ProjectConfigurationPlatforms) = postSolution
		{69249C76-4DFC-4695-91F0-B62A195EBD18}.Debug|Any CPU.ActiveCfg = Debug|Any CPU
		{69249C76-4DFC-4695-91F0-B62A195EBD18}.Debug|Any CPU.Build.0 = Debug|Any CPU
		{69249C76-4DFC-4695-91F0-B62A195EBD18}.Release|Any CPU.ActiveCfg = Release|Any CPU
		{69249C76-4DFC-4695-91F0-B62A195EBD18}.Release|Any CPU.Build.0 = Release|Any CPU
	EndGlobalSection
	GlobalSection(SolutionProperties) = preSolution
		HideSolutionNode = FALSE
	EndGlobalSection
	GlobalSection(ExtensibilityGlobals) = postSolution
		SolutionGuid = {734723FD-1DC8-4224-8EDA-4970F3B721C5}
	EndGlobalSection
EndGlobal
